
Microsoft Visual Studio Solution File, Format Version 12.00
# Visual Studio Version 17
VisualStudioVersion = 17.1.32210.238
MinimumVisualStudioVersion = 10.0.40219.1
Project("{8BC9CEB8-8B4A-11D0-8D11-00A0C91BC942}") = "List", "List\List.vcxproj", "{F3885B5C-E93F-4560-A613-7258B03BA653}"
EndProject
Global
	GlobalSection(SolutionConfigurationPlatforms) = preSolution
		Debug|x64 = Debug|x64
		Debug|x86 = Debug|x86
		Release|x64 = Release|x64
		Release|x86 = Release|x86
	EndGlobalSection
	GlobalSection(ProjectConfigurationPlatforms) = postSolution
		{F3885B5C-E93F-4560-A613-7258B03BA653}.Debug|x64.ActiveCfg = Debug|x64
		{F3885B5C-E93F-4560-A613-7258B03BA653}.Debug|x64.Build.0 = Debug|x64
		{F3885B5C-E93F-4560-A613-7258B03BA653}.Debug|x86.ActiveCfg = Debug|Win32
		{F3885B5C-E93F-4560-A613-7258B03BA653}.Debug|x86.Build.0 = Debug|Win32
		{F3885B5C-E93F-4560-A613-7258B03BA653}.Release|x64.ActiveCfg = Release|x64
		{F3885B5C-E93F-4560-A613-7258B03BA653}.Release|x64.Build.0 = Release|x64
		{F3885B5C-E93F-4560-A613-7258B03BA653}.Release|x86.ActiveCfg = Release|Win32
		{F3885B5C-E93F-4560-A613-7258B03BA653}.Release|x86.Build.0 = Release|Win32
	EndGlobalSection
	GlobalSection(SolutionProperties) = preSolution
		HideSolutionNode = FALSE
	EndGlobalSection
	GlobalSection(ExtensibilityGlobals) = postSolution
		SolutionGuid = {0B4DBD42-0AD0-4D10-A1F5-459FA3649E04}
	EndGlobalSection
EndGlobal
